
Microsoft Visual Studio Solution File, Format Version 12.00
# Visual Studio Version 16
VisualStudioVersion = 16.0.29806.167
MinimumVisualStudioVersion = 10.0.40219.1
Project("{9A19103F-16F7-4668-BE54-9A1E7A4F7556}") = "CDiChain.EncodingCryption", "CDiChain.EncodingCryption.csproj", "{098D4F02-C371-4E65-9D13-38E296B839DF}"
EndProject
Project("{FAE04EC0-301F-11D3-BF4B-00C04F79EFBC}") = "CDiChain.EncodingCryptionTests", "..\CDiChain.EncodingCryptionTests\CDiChain.EncodingCryptionTests.csproj", "{B987DD55-51B9-4963-86D2-42E7A1A0FADD}"
EndProject
Global
	GlobalSection(SolutionConfigurationPlatforms) = preSolution
		Debug|Any CPU = Debug|Any CPU
		Release|Any CPU = Release|Any CPU
	EndGlobalSection
	GlobalSection(ProjectConfigurationPlatforms) = postSolution
		{098D4F02-C371-4E65-9D13-38E296B839DF}.Debug|Any CPU.ActiveCfg = Debug|Any CPU
		{098D4F02-C371-4E65-9D13-38E296B839DF}.Debug|Any CPU.Build.0 = Debug|Any CPU
		{098D4F02-C371-4E65-9D13-38E296B839DF}.Release|Any CPU.ActiveCfg = Release|Any CPU
		{098D4F02-C371-4E65-9D13-38E296B839DF}.Release|Any CPU.Build.0 = Release|Any CPU
		{B987DD55-51B9-4963-86D2-42E7A1A0FADD}.Debug|Any CPU.ActiveCfg = Debug|Any CPU
		{B987DD55-51B9-4963-86D2-42E7A1A0FADD}.Debug|Any CPU.Build.0 = Debug|Any CPU
		{B987DD55-51B9-4963-86D2-42E7A1A0FADD}.Release|Any CPU.ActiveCfg = Release|Any CPU
		{B987DD55-51B9-4963-86D2-42E7A1A0FADD}.Release|Any CPU.Build.0 = Release|Any CPU
	EndGlobalSection
	GlobalSection(SolutionProperties) = preSolution
		HideSolutionNode = FALSE
	EndGlobalSection
	GlobalSection(ExtensibilityGlobals) = postSolution
		SolutionGuid = {07BA332B-C542-4024-AB1F-88BC0BE62704}
	EndGlobalSection
EndGlobal
